// !$*UTF8*$!
{
	archiveVersion = 1;
	classes = {
	};
	objectVersion = 46;
	objects = {

/* Begin PBXBuildFile section */
		3F01403A1C173E51009793D7 /* FirstViewController.swift in Sources */ = {isa = PBXBuildFile; fileRef = 3F0140391C173E51009793D7 /* FirstViewController.swift */; };
		3F1415F21C0DFAD50067C047 /* AppDelegate.swift in Sources */ = {isa = PBXBuildFile; fileRef = 3F1415F11C0DFAD50067C047 /* AppDelegate.swift */; };
		3F1415F41C0DFAD50067C047 /* ViewController.swift in Sources */ = {isa = PBXBuildFile; fileRef = 3F1415F31C0DFAD50067C047 /* ViewController.swift */; };
		3F1415F71C0DFAD50067C047 /* Main.storyboard in Resources */ = {isa = PBXBuildFile; fileRef = 3F1415F51C0DFAD50067C047 /* Main.storyboard */; };
		3F1415F91C0DFAD50067C047 /* Assets.xcassets in Resources */ = {isa = PBXBuildFile; fileRef = 3F1415F81C0DFAD50067C047 /* Assets.xcassets */; };
		3F1415FC1C0DFAD50067C047 /* LaunchScreen.storyboard in Resources */ = {isa = PBXBuildFile; fileRef = 3F1415FA1C0DFAD50067C047 /* LaunchScreen.storyboard */; };
		3F1416071C0DFAD50067C047 /* TapWar_final_Tests.swift in Sources */ = {isa = PBXBuildFile; fileRef = 3F1416061C0DFAD50067C047 /* TapWar_final_Tests.swift */; };
		3F1416121C0DFAD50067C047 /* TapWar_final_UITests.swift in Sources */ = {isa = PBXBuildFile; fileRef = 3F1416111C0DFAD50067C047 /* TapWar_final_UITests.swift */; };
/* End PBXBuildFile section */

/* Begin PBXContainerItemProxy section */
		3F1416031C0DFAD50067C047 /* PBXContainerItemProxy */ = {
			isa = PBXContainerItemProxy;
			containerPortal = 3F1415E61C0DFAD50067C047 /* Project object */;
			proxyType = 1;
			remoteGlobalIDString = 3F1415ED1C0DFAD50067C047;
			remoteInfo = "TapWar(final)";
		};
		3F14160E1C0DFAD50067C047 /* PBXContainerItemProxy */ = {
			isa = PBXContainerItemProxy;
			containerPortal = 3F1415E61C0DFAD50067C047 /* Project object */;
			proxyType = 1;
			remoteGlobalIDString = 3F1415ED1C0DFAD50067C047;
			remoteInfo = "TapWar(final)";
		};
/* End PBXContainerItemProxy section */

/* Begin PBXFileReference section */
		3F0140391C173E51009793D7 /* FirstViewController.swift */ = {isa = PBXFileReference; fileEncoding = 4; lastKnownFileType = sourcecode.swift; path = FirstViewController.swift; sourceTree = "<group>"; };
		3F1415EE1C0DFAD50067C047 /* TapWar(final).app */ = {isa = PBXFileReference; explicitFileType = wrapper.application; includeInIndex = 0; path = "TapWar(final).app"; sourceTree = BUILT_PRODUCTS_DIR; };
		3F1415F11C0DFAD50067C047 /* AppDelegate.swift */ = {isa = PBXFileReference; lastKnownFileType = sourcecode.swift; path = AppDelegate.swift; sourceTree = "<group>"; };
		3F1415F31C0DFAD50067C047 /* ViewController.swift */ = {isa = PBXFileReference; lastKnownFileType = sourcecode.swift; path = ViewController.swift; sourceTree = "<group>"; };
		3F1415F61C0DFAD50067C047 /* Base */ = {isa = PBXFileReference; lastKnownFileType = file.storyboard; name = Base; path = Base.lproj/Main.storyboard; sourceTree = "<group>"; };
		3F1415F81C0DFAD50067C047 /* Assets.xcassets */ = {isa = PBXFileReference; lastKnownFileType = folder.assetcatalog; path = Assets.xcassets; sourceTree = "<group>"; };
		3F1415FB1C0DFAD50067C047 /* Base */ = {isa = PBXFileReference; lastKnownFileType = file.storyboard; name = Base; path = Base.lproj/LaunchScreen.storyboard; sourceTree = "<group>"; };
		3F1415FD1C0DFAD50067C047 /* Info.plist */ = {isa = PBXFileReference; lastKnownFileType = text.plist.xml; path = Info.plist; sourceTree = "<group>"; };
		3F1416021C0DFAD50067C047 /* TapWar(final)Tests.xctest */ = {isa = PBXFileReference; explicitFileType = wrapper.cfbundle; includeInIndex = 0; path = "TapWar(final)Tests.xctest"; sourceTree = BUILT_PRODUCTS_DIR; };
		3F1416061C0DFAD50067C047 /* TapWar_final_Tests.swift */ = {isa = PBXFileReference; lastKnownFileType = sourcecode.swift; path = TapWar_final_Tests.swift; sourceTree = "<group>"; };
		3F1416081C0DFAD50067C047 /* Info.plist */ = {isa = PBXFileReference; lastKnownFileType = text.plist.xml; path = Info.plist; sourceTree = "<group>"; };
		3F14160D1C0DFAD50067C047 /* TapWar(final)UITests.xctest */ = {isa = PBXFileReference; includeInIndex = 0; lastKnownFileType = wrapper.cfbundle; path = "TapWar(final)UITests.xctest"; sourceTree = BUILT_PRODUCTS_DIR; };
		3F1416111C0DFAD50067C047 /* TapWar_final_UITests.swift */ = {isa = PBXFileReference; lastKnownFileType = sourcecode.swift; path = TapWar_final_UITests.swift; sourceTree = "<group>"; };
		3F1416131C0DFAD50067C047 /* Info.plist */ = {isa = PBXFileReference; lastKnownFileType = text.plist.xml; path = Info.plist; sourceTree = "<group>"; };
/* End PBXFileReference section */

/* Begin PBXFrameworksBuildPhase section */
		3F1415EB1C0DFAD50067C047 /* Frameworks */ = {
			isa = PBXFrameworksBuildPhase;
			buildActionMask = 2147483647;
			files = (
			);
			runOnlyForDeploymentPostprocessing = 0;
		};
		3F1415FF1C0DFAD50067C047 /* Frameworks */ = {
			isa = PBXFrameworksBuildPhase;
			buildActionMask = 2147483647;
			files = (
			);
			runOnlyForDeploymentPostprocessing = 0;
		};
		3F14160A1C0DFAD50067C047 /* Frameworks */ = {
			isa = PBXFrameworksBuildPhase;
			buildActionMask = 2147483647;
			files = (
			);
			runOnlyForDeploymentPostprocessing = 0;
		};
/* End PBXFrameworksBuildPhase section */

/* Begin PBXGroup section */
		3F1415E51C0DFAD50067C047 = {
			isa = PBXGroup;
			children = (
				3F1415F01C0DFAD50067C047 /* TapWar(final) */,
				3F1416051C0DFAD50067C047 /* TapWar(final)Tests */,
				3F1416101C0DFAD50067C047 /* TapWar(final)UITests */,
				3F1415EF1C0DFAD50067C047 /* Products */,
			);
			sourceTree = "<group>";
		};
		3F1415EF1C0DFAD50067C047 /* Products */ = {
			isa = PBXGroup;
			children = (
				3F1415EE1C0DFAD50067C047 /* TapWar(final).app */,
				3F1416021C0DFAD50067C047 /* TapWar(final)Tests.xctest */,
				3F14160D1C0DFAD50067C047 /* TapWar(final)UITests.xctest */,
			);
			name = Products;
			sourceTree = "<group>";
		};
		3F1415F01C0DFAD50067C047 /* TapWar(final) */ = {
			isa = PBXGroup;
			children = (
				3F1415F11C0DFAD50067C047 /* AppDelegate.swift */,
				3F1415F31C0DFAD50067C047 /* ViewController.swift */,
				3F1415F51C0DFAD50067C047 /* Main.storyboard */,
				3F0140391C173E51009793D7 /* FirstViewController.swift */,
				3F1415F81C0DFAD50067C047 /* Assets.xcassets */,
				3F1415FA1C0DFAD50067C047 /* LaunchScreen.storyboard */,
				3F1415FD1C0DFAD50067C047 /* Info.plist */,
			);
			path = "TapWar(final)";
			sourceTree = "<group>";
		};
		3F1416051C0DFAD50067C047 /* TapWar(final)Tests */ = {
			isa = PBXGroup;
			children = (
				3F1416061C0DFAD50067C047 /* TapWar_final_Tests.swift */,
				3F1416081C0DFAD50067C047 /* Info.plist */,
			);
			path = "TapWar(final)Tests";
			sourceTree = "<group>";
		};
		3F1416101C0DFAD50067C047 /* TapWar(final)UITests */ = {
			isa = PBXGroup;
			children = (
				3F1416111C0DFAD50067C047 /* TapWar_final_UITests.swift */,
				3F1416131C0DFAD50067C047 /* Info.plist */,
			);
			path = "TapWar(final)UITests";
			sourceTree = "<group>";
		};
/* End PBXGroup section */

/* Begin PBXNativeTarget section */
		3F1415ED1C0DFAD50067C047 /* TapWar(final) */ = {
			isa = PBXNativeTarget;
			buildConfigurationList = 3F1416161C0DFAD50067C047 /* Build configuration list for PBXNativeTarget "TapWar(final)" */;
			buildPhases = (
				3F1415EA1C0DFAD50067C047 /* Sources */,
				3F1415EB1C0DFAD50067C047 /* Frameworks */,
				3F1415EC1C0DFAD50067C047 /* Resources */,
			);
			buildRules = (
			);
			dependencies = (
			);
			name = "TapWar(final)";
			productName = "TapWar(final)";
			productReference = 3F1415EE1C0DFAD50067C047 /* TapWar(final).app */;
			productType = "com.apple.product-type.application";
		};
		3F1416011C0DFAD50067C047 /* TapWar(final)Tests */ = {
			isa = PBXNativeTarget;
			buildConfigurationList = 3F1416191C0DFAD50067C047 /* Build configuration list for PBXNativeTarget "TapWar(final)Tests" */;
			buildPhases = (
				3F1415FE1C0DFAD50067C047 /* Sources */,
				3F1415FF1C0DFAD50067C047 /* Frameworks */,
				3F1416001C0DFAD50067C047 /* Resources */,
			);
			buildRules = (
			);
			dependencies = (
				3F1416041C0DFAD50067C047 /* PBXTargetDependency */,
			);
			name = "TapWar(final)Tests";
			productName = "TapWar(final)Tests";
			productReference = 3F1416021C0DFAD50067C047 /* TapWar(final)Tests.xctest */;
			productType = "com.apple.product-type.bundle.unit-test";
		};
		3F14160C1C0DFAD50067C047 /* TapWar(final)UITests */ = {
			isa = PBXNativeTarget;
			buildConfigurationList = 3F14161C1C0DFAD50067C047 /* Build configuration list for PBXNativeTarget "TapWar(final)UITests" */;
			buildPhases = (
				3F1416091C0DFAD50067C047 /* Sources */,
				3F14160A1C0DFAD50067C047 /* Frameworks */,
				3F14160B1C0DFAD50067C047 /* Resources */,
			);
			buildRules = (
			);
			dependencies = (
				3F14160F1C0DFAD50067C047 /* PBXTargetDependency */,
			);
			name = "TapWar(final)UITests";
			productName = "TapWar(final)UITests";
			productReference = 3F14160D1C0DFAD50067C047 /* TapWar(final)UITests.xctest */;
			productType = "com.apple.product-type.bundle.ui-testing";
		};
/* End PBXNativeTarget section */

/* Begin PBXProject section */
		3F1415E61C0DFAD50067C047 /* Project object */ = {
			isa = PBXProject;
			attributes = {
				LastSwiftUpdateCheck = 0710;
				LastUpgradeCheck = 0710;
				ORGANIZATIONNAME = shillestad;
				TargetAttributes = {
					3F1415ED1C0DFAD50067C047 = {
						CreatedOnToolsVersion = 7.1.1;
						DevelopmentTeam = H3KB7YD8FH;
					};
					3F1416011C0DFAD50067C047 = {
						CreatedOnToolsVersion = 7.1.1;
						DevelopmentTeam = H3KB7YD8FH;
						TestTargetID = 3F1415ED1C0DFAD50067C047;
					};
					3F14160C1C0DFAD50067C047 = {
						CreatedOnToolsVersion = 7.1.1;
						DevelopmentTeam = H3KB7YD8FH;
						TestTargetID = 3F1415ED1C0DFAD50067C047;
					};
				};
			};
			buildConfigurationList = 3F1415E91C0DFAD50067C047 /* Build configuration list for PBXProject "TapWar(final)" */;
			compatibilityVersion = "Xcode 3.2";
			developmentRegion = English;
			hasScannedForEncodings = 0;
			knownRegions = (
				en,
				Base,
			);
			mainGroup = 3F1415E51C0DFAD50067C047;
			productRefGroup = 3F1415EF1C0DFAD50067C047 /* Products */;
			projectDirPath = "";
			projectRoot = "";
			targets = (
				3F1415ED1C0DFAD50067C047 /* TapWar(final) */,
				3F1416011C0DFAD50067C047 /* TapWar(final)Tests */,
				3F14160C1C0DFAD50067C047 /* TapWar(final)UITests */,
			);
		};
/* End PBXProject section */

/* Begin PBXResourcesBuildPhase section */
		3F1415EC1C0DFAD50067C047 /* Resources */ = {
			isa = PBXResourcesBuildPhase;
			buildActionMask = 2147483647;
			files = (
				3F1415FC1C0DFAD50067C047 /* LaunchScreen.storyboard in Resources */,
				3F1415F91C0DFAD50067C047 /* Assets.xcassets in Resources */,
				3F1415F71C0DFAD50067C047 /* Main.storyboard in Resources */,
			);
			runOnlyForDeploymentPostprocessing = 0;
		};
		3F1416001C0DFAD50067C047 /* Resources */ = {
			isa = PBXResourcesBuildPhase;
			buildActionMask = 2147483647;
			files = (
			);
			runOnlyForDeploymentPostprocessing = 0;
		};
		3F14160B1C0DFAD50067C047 /* Resources */ = {
			isa = PBXResourcesBuildPhase;
			buildActionMask = 2147483647;
			files = (
			);
			runOnlyForDeploymentPostprocessing = 0;
		};
/* End PBXResourcesBuildPhase section */

/* Begin PBXSourcesBuildPhase section */
		3F1415EA1C0DFAD50067C047 /* Sources */ = {
			isa = PBXSourcesBuildPhase;
			buildActionMask = 2147483647;
			files = (
				3F01403A1C173E51009793D7 /* FirstViewController.swift in Sources */,
				3F1415F41C0DFAD50067C047 /* ViewController.swift in Sources */,
				3F1415F21C0DFAD50067C047 /* AppDelegate.swift in Sources */,
			);
			runOnlyForDeploymentPostprocessing = 0;
		};
		3F1415FE1C0DFAD50067C047 /* Sources */ = {
			isa = PBXSourcesBuildPhase;
			buildActionMask = 2147483647;
			files = (
				3F1416071C0DFAD50067C047 /* TapWar_final_Tests.swift in Sources */,
			);
			runOnlyForDeploymentPostprocessing = 0;
		};
		3F1416091C0DFAD50067C047 /* Sources */ = {
			isa = PBXSourcesBuildPhase;
			buildActionMask = 2147483647;
			files = (
				3F1416121C0DFAD50067C047 /* TapWar_final_UITests.swift in Sources */,
			);
			runOnlyForDeploymentPostprocessing = 0;
		};
/* End PBXSourcesBuildPhase section */

/* Begin PBXTargetDependency section */
		3F1416041C0DFAD50067C047 /* PBXTargetDependency */ = {
			isa = PBXTargetDependency;
			target = 3F1415ED1C0DFAD50067C047 /* TapWar(final) */;
			targetProxy = 3F1416031C0DFAD50067C047 /* PBXContainerItemProxy */;
		};
		3F14160F1C0DFAD50067C047 /* PBXTargetDependency */ = {
			isa = PBXTargetDependency;
			target = 3F1415ED1C0DFAD50067C047 /* TapWar(final) */;
			targetProxy = 3F14160E1C0DFAD50067C047 /* PBXContainerItemProxy */;
		};
/* End PBXTargetDependency section */

/* Begin PBXVariantGroup section */
		3F1415F51C0DFAD50067C047 /* Main.storyboard */ = {
			isa = PBXVariantGroup;
			children = (
				3F1415F61C0DFAD50067C047 /* Base */,
			);
			name = Main.storyboard;
			sourceTree = "<group>";
		};
		3F1415FA1C0DFAD50067C047 /* LaunchScreen.storyboard */ = {
			isa = PBXVariantGroup;
			children = (
				3F1415FB1C0DFAD50067C047 /* Base */,
			);
			name = LaunchScreen.storyboard;
			sourceTree = "<group>";
		};
/* End PBXVariantGroup section */

/* Begin XCBuildConfiguration section */
		3F1416141C0DFAD50067C047 /* Debug */ = {
			isa = XCBuildConfiguration;
			buildSettings = {
				ALWAYS_SEARCH_USER_PATHS = NO;
				CLANG_CXX_LANGUAGE_STANDARD = "gnu++0x";
				CLANG_CXX_LIBRARY = "libc++";
				CLANG_ENABLE_MODULES = YES;
				CLANG_ENABLE_OBJC_ARC = YES;
				CLANG_WARN_BOOL_CONVERSION = YES;
				CLANG_WARN_CONSTANT_CONVERSION = YES;
				CLANG_WARN_DIRECT_OBJC_ISA_USAGE = YES_ERROR;
				CLANG_WARN_EMPTY_BODY = YES;
				CLANG_WARN_ENUM_CONVERSION = YES;
				CLANG_WARN_INT_CONVERSION = YES;
				CLANG_WARN_OBJC_ROOT_CLASS = YES_ERROR;
				CLANG_WARN_UNREACHABLE_CODE = YES;
				CLANG_WARN__DUPLICATE_METHOD_MATCH = YES;
				"CODE_SIGN_IDENTITY[sdk=iphoneos*]" = "iPhone Developer";
				COPY_PHASE_STRIP = NO;
				DEBUG_INFORMATION_FORMAT = dwarf;
				ENABLE_STRICT_OBJC_MSGSEND = YES;
				ENABLE_TESTABILITY = YES;
				GCC_C_LANGUAGE_STANDARD = gnu99;
				GCC_DYNAMIC_NO_PIC = NO;
				GCC_NO_COMMON_BLOCKS = YES;
				GCC_OPTIMIZATION_LEVEL = 0;
				GCC_PREPROCESSOR_DEFINITIONS = (
					"DEBUG=1",
					"$(inherited)",
				);
				GCC_WARN_64_TO_32_BIT_CONVERSION = YES;
				GCC_WARN_ABOUT_RETURN_TYPE = YES_ERROR;
				GCC_WARN_UNDECLARED_SELECTOR = YES;
				GCC_WARN_UNINITIALIZED_AUTOS = YES_AGGRESSIVE;
				GCC_WARN_UNUSED_FUNCTION = YES;
				GCC_WARN_UNUSED_VARIABLE = YES;
				IPHONEOS_DEPLOYMENT_TARGET = 9.1;
				MTL_ENABLE_DEBUG_INFO = YES;
				ONLY_ACTIVE_ARCH = YES;
				SDKROOT = iphoneos;
				SWIFT_OPTIMIZATION_LEVEL = "-Onone";
				TARGETED_DEVICE_FAMILY = "1,2";
			};
			name = Debug;
		};
		3F1416151C0DFAD50067C047 /* Release */ = {
			isa = XCBuildConfiguration;
			buildSettings = {
				ALWAYS_SEARCH_USER_PATHS = NO;
				CLANG_CXX_LANGUAGE_STANDARD = "gnu++0x";
				CLANG_CXX_LIBRARY = "libc++";
				CLANG_ENABLE_MODULES = YES;
				CLANG_ENABLE_OBJC_ARC = YES;
				CLANG_WARN_BOOL_CONVERSION = YES;
				CLANG_WARN_CONSTANT_CONVERSION = YES;
				CLANG_WARN_DIRECT_OBJC_ISA_USAGE = YES_ERROR;
				CLANG_WARN_EMPTY_BODY = YES;
				CLANG_WARN_ENUM_CONVERSION = YES;
				CLANG_WARN_INT_CONVERSION = YES;
				CLANG_WARN_OBJC_ROOT_CLASS = YES_ERROR;
				CLANG_WARN_UNREACHABLE_CODE = YES;
				CLANG_WARN__DUPLICATE_METHOD_MATCH = YES;
				"CODE_SIGN_IDENTITY[sdk=iphoneos*]" = "iPhone Developer";
				COPY_PHASE_STRIP = NO;
				DEBUG_INFORMATION_FORMAT = "dwarf-with-dsym";
				ENABLE_NS_ASSERTIONS = NO;
				ENABLE_STRICT_OBJC_MSGSEND = YES;
				GCC_C_LANGUAGE_STANDARD = gnu99;
				GCC_NO_COMMON_BLOCKS = YES;
				GCC_WARN_64_TO_32_BIT_CONVERSION = YES;
				GCC_WARN_ABOUT_RETURN_TYPE = YES_ERROR;
				GCC_WARN_UNDECLARED_SELECTOR = YES;
				GCC_WARN_UNINITIALIZED_AUTOS = YES_AGGRESSIVE;
				GCC_WARN_UNUSED_FUNCTION = YES;
				GCC_WARN_UNUSED_VARIABLE = YES;
				IPHONEOS_DEPLOYMENT_TARGET = 9.1;
				MTL_ENABLE_DEBUG_INFO = NO;
				SDKROOT = iphoneos;
				TARGETED_DEVICE_FAMILY = "1,2";
				VALIDATE_PRODUCT = YES;
			};
			name = Release;
		};
		3F1416171C0DFAD50067C047 /* Debug */ = {
			isa = XCBuildConfiguration;
			buildSettings = {
				ASSETCATALOG_COMPILER_APPICON_NAME = AppIcon;
				INFOPLIST_FILE = "TapWar(final)/Info.plist";
				LD_RUNPATH_SEARCH_PATHS = "$(inherited) @executable_path/Frameworks";
				PRODUCT_BUNDLE_IDENTIFIER = "shillestad.TapWar-final-";
				PRODUCT_NAME = "$(TARGET_NAME)";
			};
			name = Debug;
		};
		3F1416181C0DFAD50067C047 /* Release */ = {
			isa = XCBuildConfiguration;
			buildSettings = {
				ASSETCATALOG_COMPILER_APPICON_NAME = AppIcon;
				INFOPLIST_FILE = "TapWar(final)/Info.plist";
				LD_RUNPATH_SEARCH_PATHS = "$(inherited) @executable_path/Frameworks";
				PRODUCT_BUNDLE_IDENTIFIER = "shillestad.TapWar-final-";
				PRODUCT_NAME = "$(TARGET_NAME)";
			};
			name = Release;
		};
		3F14161A1C0DFAD50067C047 /* Debug */ = {
			isa = XCBuildConfiguration;
			buildSettings = {
				BUNDLE_LOADER = "$(TEST_HOST)";
				INFOPLIST_FILE = "TapWar(final)Tests/Info.plist";
				LD_RUNPATH_SEARCH_PATHS = "$(inherited) @executable_path/Frameworks @loader_path/Frameworks";
				PRODUCT_BUNDLE_IDENTIFIER = "shillestad.TapWar-final-Tests";
				PRODUCT_NAME = "$(TARGET_NAME)";
				TEST_HOST = "$(BUILT_PRODUCTS_DIR)/TapWar(final).app/TapWar(final)";
			};
			name = Debug;
		};
		3F14161B1C0DFAD50067C047 /* Release */ = {
			isa = XCBuildConfiguration;
			buildSettings = {
				BUNDLE_LOADER = "$(TEST_HOST)";
				INFOPLIST_FILE = "TapWar(final)Tests/Info.plist";
				LD_RUNPATH_SEARCH_PATHS = "$(inherited) @executable_path/Frameworks @loader_path/Frameworks";
				PRODUCT_BUNDLE_IDENTIFIER = "shillestad.TapWar-final-Tests";
				PRODUCT_NAME = "$(TARGET_NAME)";
				TEST_HOST = "$(BUILT_PRODUCTS_DIR)/TapWar(final).app/TapWar(final)";
			};
			name = Release;
		};
		3F14161D1C0DFAD50067C047 /* Debug */ = {
			isa = XCBuildConfiguration;
			buildSettings = {
				INFOPLIST_FILE = "TapWar(final)UITests/Info.plist";
				LD_RUNPATH_SEARCH_PATHS = "$(inherited) @executable_path/Frameworks @loader_path/Frameworks";
				PRODUCT_BUNDLE_IDENTIFIER = "shillestad.TapWar-final-UITests";
				PRODUCT_NAME = "$(TARGET_NAME)";
				TEST_TARGET_NAME = "TapWar(final)";
				USES_XCTRUNNER = YES;
			};
			name = Debug;
		};
		3F14161E1C0DFAD50067C047 /* Release */ = {
			isa = XCBuildConfiguration;
			buildSettings = {
				INFOPLIST_FILE = "TapWar(final)UITests/Info.plist";
				LD_RUNPATH_SEARCH_PATHS = "$(inherited) @executable_path/Frameworks @loader_path/Frameworks";
				PRODUCT_BUNDLE_IDENTIFIER = "shillestad.TapWar-final-UITests";
				PRODUCT_NAME = "$(TARGET_NAME)";
				TEST_TARGET_NAME = "TapWar(final)";
				USES_XCTRUNNER = YES;
			};
			name = Release;
		};
/* End XCBuildConfiguration section */

/* Begin XCConfigurationList section */
		3F1415E91C0DFAD50067C047 /* Build configuration list for PBXProject "TapWar(final)" */ = {
			isa = XCConfigurationList;
			buildConfigurations = (
				3F1416141C0DFAD50067C047 /* Debug */,
				3F1416151C0DFAD50067C047 /* Release */,
			);
			defaultConfigurationIsVisible = 0;
			defaultConfigurationName = Release;
		};
		3F1416161C0DFAD50067C047 /* Build configuration list for PBXNativeTarget "TapWar(final)" */ = {
			isa = XCConfigurationList;
			buildConfigurations = (
				3F1416171C0DFAD50067C047 /* Debug */,
				3F1416181C0DFAD50067C047 /* Release */,
			);
			defaultConfigurationIsVisible = 0;
			defaultConfigurationName = Release;
		};
		3F1416191C0DFAD50067C047 /* Build configuration list for PBXNativeTarget "TapWar(final)Tests" */ = {
			isa = XCConfigurationList;
			buildConfigurations = (
				3F14161A1C0DFAD50067C047 /* Debug */,
				3F14161B1C0DFAD50067C047 /* Release */,
			);
			defaultConfigurationIsVisible = 0;
			defaultConfigurationName = Release;
		};
		3F14161C1C0DFAD50067C047 /* Build configuration list for PBXNativeTarget "TapWar(final)UITests" */ = {
			isa = XCConfigurationList;
			buildConfigurations = (
				3F14161D1C0DFAD50067C047 /* Debug */,
				3F14161E1C0DFAD50067C047 /* Release */,
			);
			defaultConfigurationIsVisible = 0;
			defaultConfigurationName = Release;
		};
/* End XCConfigurationList section */
	};
	rootObject = 3F1415E61C0DFAD50067C047 /* Project object */;
}
